# This file is automatically @generated by Cargo.
# It is not intended for manual editing.
version = 3

[[package]]
name = "boomerang"
version = "0.1.0"
dependencies = [
 "ffmpeg-sidecar",
]

[[package]]
name = "ffmpeg-sidecar"
version = "0.5.1"
source = "registry+https://github.com/rust-lang/crates.io-index"
checksum = "a5b56b7872b0cbc828e83043a82268b111e3648dab25f29079fce448648e572a"
